
Microsoft Visual Studio Solution File, Format Version 12.00
# Visual Studio Version 16
VisualStudioVersion = 16.0.30503.244
MinimumVisualStudioVersion = 10.0.40219.1
Project("{FAE04EC0-301F-11D3-BF4B-00C04F79EFBC}") = "Entities", "Entities\Entities.csproj", "{28F6394D-2A63-4543-B084-517251D6876B}"
EndProject
Project("{FAE04EC0-301F-11D3-BF4B-00C04F79EFBC}") = "Business", "Business\Business.csproj", "{C251CC2C-0CD0-4BA4-9857-162CE71BEE6F}"
EndProject
Project("{FAE04EC0-301F-11D3-BF4B-00C04F79EFBC}") = "DataAccess", "DataAccess\DataAccess.csproj", "{5C7F2AFA-52AD-459A-B0DD-2FF008DF3774}"
EndProject
Project("{FAE04EC0-301F-11D3-BF4B-00C04F79EFBC}") = "Core", "Core\Core.csproj", "{7FF84237-A988-426A-AF6E-C7111572B006}"
EndProject
Project("{FAE04EC0-301F-11D3-BF4B-00C04F79EFBC}") = "MvcWebAPI", "MvcWebAPI\MvcWebAPI.csproj", "{694EBB2F-F2CF-4FD1-8CB6-7DB3D2E78A1C}"
EndProject
Global
	GlobalSection(SolutionConfigurationPlatforms) = preSolution
		Debug|Any CPU = Debug|Any CPU
		Release|Any CPU = Release|Any CPU
	EndGlobalSection
	GlobalSection(ProjectConfigurationPlatforms) = postSolution
		{28F6394D-2A63-4543-B084-517251D6876B}.Debug|Any CPU.ActiveCfg = Debug|Any CPU
		{28F6394D-2A63-4543-B084-517251D6876B}.Debug|Any CPU.Build.0 = Debug|Any CPU
		{28F6394D-2A63-4543-B084-517251D6876B}.Release|Any CPU.ActiveCfg = Release|Any CPU
		{28F6394D-2A63-4543-B084-517251D6876B}.Release|Any CPU.Build.0 = Release|Any CPU
		{C251CC2C-0CD0-4BA4-9857-162CE71BEE6F}.Debug|Any CPU.ActiveCfg = Debug|Any CPU
		{C251CC2C-0CD0-4BA4-9857-162CE71BEE6F}.Debug|Any CPU.Build.0 = Debug|Any CPU
		{C251CC2C-0CD0-4BA4-9857-162CE71BEE6F}.Release|Any CPU.ActiveCfg = Release|Any CPU
		{C251CC2C-0CD0-4BA4-9857-162CE71BEE6F}.Release|Any CPU.Build.0 = Release|Any CPU
		{5C7F2AFA-52AD-459A-B0DD-2FF008DF3774}.Debug|Any CPU.ActiveCfg = Debug|Any CPU
		{5C7F2AFA-52AD-459A-B0DD-2FF008DF3774}.Debug|Any CPU.Build.0 = Debug|Any CPU
		{5C7F2AFA-52AD-459A-B0DD-2FF008DF3774}.Release|Any CPU.ActiveCfg = Release|Any CPU
		{5C7F2AFA-52AD-459A-B0DD-2FF008DF3774}.Release|Any CPU.Build.0 = Release|Any CPU
		{7FF84237-A988-426A-AF6E-C7111572B006}.Debug|Any CPU.ActiveCfg = Debug|Any CPU
		{7FF84237-A988-426A-AF6E-C7111572B006}.Debug|Any CPU.Build.0 = Debug|Any CPU
		{7FF84237-A988-426A-AF6E-C7111572B006}.Release|Any CPU.ActiveCfg = Release|Any CPU
		{7FF84237-A988-426A-AF6E-C7111572B006}.Release|Any CPU.Build.0 = Release|Any CPU
		{694EBB2F-F2CF-4FD1-8CB6-7DB3D2E78A1C}.Debug|Any CPU.ActiveCfg = Debug|Any CPU
		{694EBB2F-F2CF-4FD1-8CB6-7DB3D2E78A1C}.Debug|Any CPU.Build.0 = Debug|Any CPU
		{694EBB2F-F2CF-4FD1-8CB6-7DB3D2E78A1C}.Release|Any CPU.ActiveCfg = Release|Any CPU
		{694EBB2F-F2CF-4FD1-8CB6-7DB3D2E78A1C}.Release|Any CPU.Build.0 = Release|Any CPU
	EndGlobalSection
	GlobalSection(SolutionProperties) = preSolution
		HideSolutionNode = FALSE
	EndGlobalSection
	GlobalSection(ExtensibilityGlobals) = postSolution
		SolutionGuid = {81B02701-87AD-4151-A6A1-FF5529605C62}
	EndGlobalSection
EndGlobal
